// !$*UTF8*$!
{
	archiveVersion = 1;
	classes = {
	};
	objectVersion = 50;
	objects = {

/* Begin PBXBuildFile section */
		93836A01707CA035F8AB461F /* Pods_Weather.framework in Frameworks */ = {isa = PBXBuildFile; fileRef = 2029FC5B4C5F74041BD8F8EA /* Pods_Weather.framework */; };
		BEC448B121AC64DF00C12452 /* AppDelegate.swift in Sources */ = {isa = PBXBuildFile; fileRef = BEC448B021AC64DF00C12452 /* AppDelegate.swift */; };
		BEC448B621AC64DF00C12452 /* Main.storyboard in Resources */ = {isa = PBXBuildFile; fileRef = BEC448B421AC64DF00C12452 /* Main.storyboard */; };
		BEC448B821AC64E000C12452 /* Assets.xcassets in Resources */ = {isa = PBXBuildFile; fileRef = BEC448B721AC64E000C12452 /* Assets.xcassets */; };
		BEC448BB21AC64E000C12452 /* LaunchScreen.storyboard in Resources */ = {isa = PBXBuildFile; fileRef = BEC448B921AC64E000C12452 /* LaunchScreen.storyboard */; };
		BEC448C321AC650000C12452 /* WeatherInfoCell.swift in Sources */ = {isa = PBXBuildFile; fileRef = BEC448C221AC650000C12452 /* WeatherInfoCell.swift */; };
		BEC448C521AC651B00C12452 /* WeatherHomeView.swift in Sources */ = {isa = PBXBuildFile; fileRef = BEC448C421AC651B00C12452 /* WeatherHomeView.swift */; };
		BEC448C721AC652D00C12452 /* WeatherDetailView.swift in Sources */ = {isa = PBXBuildFile; fileRef = BEC448C621AC652D00C12452 /* WeatherDetailView.swift */; };
		BEC448CD21AC691E00C12452 /* APIHandler.swift in Sources */ = {isa = PBXBuildFile; fileRef = BEC448CC21AC691E00C12452 /* APIHandler.swift */; };
		BEC448CF21AC692600C12452 /* Weather.swift in Sources */ = {isa = PBXBuildFile; fileRef = BEC448CE21AC692600C12452 /* Weather.swift */; };
		BEC448D121AC699B00C12452 /* Constants.swift in Sources */ = {isa = PBXBuildFile; fileRef = BEC448D021AC699B00C12452 /* Constants.swift */; };
/* End PBXBuildFile section */

/* Begin PBXFileReference section */
		2029FC5B4C5F74041BD8F8EA /* Pods_Weather.framework */ = {isa = PBXFileReference; explicitFileType = wrapper.framework; includeInIndex = 0; path = Pods_Weather.framework; sourceTree = BUILT_PRODUCTS_DIR; };
		97820C4007BEF5CB4CAA5C5A /* Pods-Weather.debug.xcconfig */ = {isa = PBXFileReference; includeInIndex = 1; lastKnownFileType = text.xcconfig; name = "Pods-Weather.debug.xcconfig"; path = "Pods/Target Support Files/Pods-Weather/Pods-Weather.debug.xcconfig"; sourceTree = "<group>"; };
		BAA58C5B39DC68B7B333C264 /* Pods-Weather.release.xcconfig */ = {isa = PBXFileReference; includeInIndex = 1; lastKnownFileType = text.xcconfig; name = "Pods-Weather.release.xcconfig"; path = "Pods/Target Support Files/Pods-Weather/Pods-Weather.release.xcconfig"; sourceTree = "<group>"; };
		BEC448AD21AC64DF00C12452 /* Weather.app */ = {isa = PBXFileReference; explicitFileType = wrapper.application; includeInIndex = 0; path = Weather.app; sourceTree = BUILT_PRODUCTS_DIR; };
		BEC448B021AC64DF00C12452 /* AppDelegate.swift */ = {isa = PBXFileReference; lastKnownFileType = sourcecode.swift; path = AppDelegate.swift; sourceTree = "<group>"; };
		BEC448B521AC64DF00C12452 /* Base */ = {isa = PBXFileReference; lastKnownFileType = file.storyboard; name = Base; path = Base.lproj/Main.storyboard; sourceTree = "<group>"; };
		BEC448B721AC64E000C12452 /* Assets.xcassets */ = {isa = PBXFileReference; lastKnownFileType = folder.assetcatalog; path = Assets.xcassets; sourceTree = "<group>"; };
		BEC448BA21AC64E000C12452 /* Base */ = {isa = PBXFileReference; lastKnownFileType = file.storyboard; name = Base; path = Base.lproj/LaunchScreen.storyboard; sourceTree = "<group>"; };
		BEC448BC21AC64E000C12452 /* Info.plist */ = {isa = PBXFileReference; lastKnownFileType = text.plist.xml; path = Info.plist; sourceTree = "<group>"; };
		BEC448C221AC650000C12452 /* WeatherInfoCell.swift */ = {isa = PBXFileReference; lastKnownFileType = sourcecode.swift; path = WeatherInfoCell.swift; sourceTree = "<group>"; };
		BEC448C421AC651B00C12452 /* WeatherHomeView.swift */ = {isa = PBXFileReference; lastKnownFileType = sourcecode.swift; path = WeatherHomeView.swift; sourceTree = "<group>"; };
		BEC448C621AC652D00C12452 /* WeatherDetailView.swift */ = {isa = PBXFileReference; lastKnownFileType = sourcecode.swift; path = WeatherDetailView.swift; sourceTree = "<group>"; };
		BEC448CC21AC691E00C12452 /* APIHandler.swift */ = {isa = PBXFileReference; fileEncoding = 4; lastKnownFileType = sourcecode.swift; path = APIHandler.swift; sourceTree = "<group>"; };
		BEC448CE21AC692600C12452 /* Weather.swift */ = {isa = PBXFileReference; fileEncoding = 4; lastKnownFileType = sourcecode.swift; path = Weather.swift; sourceTree = "<group>"; };
		BEC448D021AC699B00C12452 /* Constants.swift */ = {isa = PBXFileReference; lastKnownFileType = sourcecode.swift; path = Constants.swift; sourceTree = "<group>"; };
/* End PBXFileReference section */

/* Begin PBXFrameworksBuildPhase section */
		BEC448AA21AC64DF00C12452 /* Frameworks */ = {
			isa = PBXFrameworksBuildPhase;
			buildActionMask = 2147483647;
			files = (
				93836A01707CA035F8AB461F /* Pods_Weather.framework in Frameworks */,
			);
			runOnlyForDeploymentPostprocessing = 0;
		};
/* End PBXFrameworksBuildPhase section */

/* Begin PBXGroup section */
		2897E0298597A1E24DFA8B28 /* Frameworks */ = {
			isa = PBXGroup;
			children = (
				2029FC5B4C5F74041BD8F8EA /* Pods_Weather.framework */,
			);
			name = Frameworks;
			sourceTree = "<group>";
		};
		67741ECB39B7FE51486B3E97 /* Pods */ = {
			isa = PBXGroup;
			children = (
				97820C4007BEF5CB4CAA5C5A /* Pods-Weather.debug.xcconfig */,
				BAA58C5B39DC68B7B333C264 /* Pods-Weather.release.xcconfig */,
			);
			name = Pods;
			sourceTree = "<group>";
		};
		BEC448A421AC64DF00C12452 = {
			isa = PBXGroup;
			children = (
				BEC448AF21AC64DF00C12452 /* Weather */,
				BEC448AE21AC64DF00C12452 /* Products */,
				67741ECB39B7FE51486B3E97 /* Pods */,
				2897E0298597A1E24DFA8B28 /* Frameworks */,
			);
			sourceTree = "<group>";
		};
		BEC448AE21AC64DF00C12452 /* Products */ = {
			isa = PBXGroup;
			children = (
				BEC448AD21AC64DF00C12452 /* Weather.app */,
			);
			name = Products;
			sourceTree = "<group>";
		};
		BEC448AF21AC64DF00C12452 /* Weather */ = {
			isa = PBXGroup;
			children = (
				BEC448C921AC68F300C12452 /* Model */,
				BEC448CA21AC68F900C12452 /* View */,
				BEC448CB21AC690100C12452 /* Controllers */,
				BEC448C821AC68EA00C12452 /* Networking */,
				BEC448B021AC64DF00C12452 /* AppDelegate.swift */,
				BEC448B721AC64E000C12452 /* Assets.xcassets */,
				BEC448B921AC64E000C12452 /* LaunchScreen.storyboard */,
				BEC448BC21AC64E000C12452 /* Info.plist */,
			);
			path = Weather;
			sourceTree = "<group>";
		};
		BEC448C821AC68EA00C12452 /* Networking */ = {
			isa = PBXGroup;
			children = (
				BEC448CC21AC691E00C12452 /* APIHandler.swift */,
			);
			path = Networking;
			sourceTree = "<group>";
		};
		BEC448C921AC68F300C12452 /* Model */ = {
			isa = PBXGroup;
			children = (
				BEC448CE21AC692600C12452 /* Weather.swift */,
				BEC448D021AC699B00C12452 /* Constants.swift */,
			);
			path = Model;
			sourceTree = "<group>";
		};
		BEC448CA21AC68F900C12452 /* View */ = {
			isa = PBXGroup;
			children = (
				BEC448B421AC64DF00C12452 /* Main.storyboard */,
			);
			path = View;
			sourceTree = "<group>";
		};
		BEC448CB21AC690100C12452 /* Controllers */ = {
			isa = PBXGroup;
			children = (
				BEC448C221AC650000C12452 /* WeatherInfoCell.swift */,
				BEC448C421AC651B00C12452 /* WeatherHomeView.swift */,
				BEC448C621AC652D00C12452 /* WeatherDetailView.swift */,
			);
			path = Controllers;
			sourceTree = "<group>";
		};
/* End PBXGroup section */

/* Begin PBXNativeTarget section */
		BEC448AC21AC64DF00C12452 /* Weather */ = {
			isa = PBXNativeTarget;
			buildConfigurationList = BEC448BF21AC64E000C12452 /* Build configuration list for PBXNativeTarget "Weather" */;
			buildPhases = (
				53D5CB07A7A40520F2244E6F /* [CP] Check Pods Manifest.lock */,
				BEC448A921AC64DF00C12452 /* Sources */,
				BEC448AA21AC64DF00C12452 /* Frameworks */,
				BEC448AB21AC64DF00C12452 /* Resources */,
				9381ED3A7DE5637B78090ACF /* [CP] Embed Pods Frameworks */,
			);
			buildRules = (
			);
			dependencies = (
			);
			name = Weather;
			productName = Weather;
			productReference = BEC448AD21AC64DF00C12452 /* Weather.app */;
			productType = "com.apple.product-type.application";
		};
/* End PBXNativeTarget section */

/* Begin PBXProject section */
		BEC448A521AC64DF00C12452 /* Project object */ = {
			isa = PBXProject;
			attributes = {
				LastSwiftUpdateCheck = 1010;
				LastUpgradeCheck = 1010;
				ORGANIZATIONNAME = "Anuradha Sharma";
				TargetAttributes = {
					BEC448AC21AC64DF00C12452 = {
						CreatedOnToolsVersion = 10.1;
					};
				};
			};
			buildConfigurationList = BEC448A821AC64DF00C12452 /* Build configuration list for PBXProject "Weather" */;
			compatibilityVersion = "Xcode 9.3";
			developmentRegion = en;
			hasScannedForEncodings = 0;
			knownRegions = (
				en,
				Base,
			);
			mainGroup = BEC448A421AC64DF00C12452;
			productRefGroup = BEC448AE21AC64DF00C12452 /* Products */;
			projectDirPath = "";
			projectRoot = "";
			targets = (
				BEC448AC21AC64DF00C12452 /* Weather */,
			);
		};
/* End PBXProject section */

/* Begin PBXResourcesBuildPhase section */
		BEC448AB21AC64DF00C12452 /* Resources */ = {
			isa = PBXResourcesBuildPhase;
			buildActionMask = 2147483647;
			files = (
				BEC448BB21AC64E000C12452 /* LaunchScreen.storyboard in Resources */,
				BEC448B821AC64E000C12452 /* Assets.xcassets in Resources */,
				BEC448B621AC64DF00C12452 /* Main.storyboard in Resources */,
			);
			runOnlyForDeploymentPostprocessing = 0;
		};
/* End PBXResourcesBuildPhase section */

/* Begin PBXShellScriptBuildPhase section */
		53D5CB07A7A40520F2244E6F /* [CP] Check Pods Manifest.lock */ = {
			isa = PBXShellScriptBuildPhase;
			buildActionMask = 2147483647;
			files = (
			);
			inputPaths = (
				"${PODS_PODFILE_DIR_PATH}/Podfile.lock",
				"${PODS_ROOT}/Manifest.lock",
			);
			name = "[CP] Check Pods Manifest.lock";
			outputPaths = (
				"$(DERIVED_FILE_DIR)/Pods-Weather-checkManifestLockResult.txt",
			);
			runOnlyForDeploymentPostprocessing = 0;
			shellPath = /bin/sh;
			shellScript = "diff \"${PODS_PODFILE_DIR_PATH}/Podfile.lock\" \"${PODS_ROOT}/Manifest.lock\" > /dev/null\nif [ $? != 0 ] ; then\n    # print error to STDERR\n    echo \"error: The sandbox is not in sync with the Podfile.lock. Run 'pod install' or update your CocoaPods installation.\" >&2\n    exit 1\nfi\n# This output is used by Xcode 'outputs' to avoid re-running this script phase.\necho \"SUCCESS\" > \"${SCRIPT_OUTPUT_FILE_0}\"\n";
			showEnvVarsInLog = 0;
		};
		9381ED3A7DE5637B78090ACF /* [CP] Embed Pods Frameworks */ = {
			isa = PBXShellScriptBuildPhase;
			buildActionMask = 2147483647;
			files = (
			);
			inputPaths = (
				"${SRCROOT}/Pods/Target Support Files/Pods-Weather/Pods-Weather-frameworks.sh",
				"${BUILT_PRODUCTS_DIR}/Alamofire/Alamofire.framework",
			);
			name = "[CP] Embed Pods Frameworks";
			outputPaths = (
				"${TARGET_BUILD_DIR}/${FRAMEWORKS_FOLDER_PATH}/Alamofire.framework",
			);
			runOnlyForDeploymentPostprocessing = 0;
			shellPath = /bin/sh;
			shellScript = "\"${SRCROOT}/Pods/Target Support Files/Pods-Weather/Pods-Weather-frameworks.sh\"\n";
			showEnvVarsInLog = 0;
		};
/* End PBXShellScriptBuildPhase section */

/* Begin PBXSourcesBuildPhase section */
		BEC448A921AC64DF00C12452 /* Sources */ = {
			isa = PBXSourcesBuildPhase;
			buildActionMask = 2147483647;
			files = (
				BEC448C721AC652D00C12452 /* WeatherDetailView.swift in Sources */,
				BEC448C521AC651B00C12452 /* WeatherHomeView.swift in Sources */,
				BEC448CD21AC691E00C12452 /* APIHandler.swift in Sources */,
				BEC448C321AC650000C12452 /* WeatherInfoCell.swift in Sources */,
				BEC448D121AC699B00C12452 /* Constants.swift in Sources */,
				BEC448CF21AC692600C12452 /* Weather.swift in Sources */,
				BEC448B121AC64DF00C12452 /* AppDelegate.swift in Sources */,
			);
			runOnlyForDeploymentPostprocessing = 0;
		};
/* End PBXSourcesBuildPhase section */

/* Begin PBXVariantGroup section */
		BEC448B421AC64DF00C12452 /* Main.storyboard */ = {
			isa = PBXVariantGroup;
			children = (
				BEC448B521AC64DF00C12452 /* Base */,
			);
			name = Main.storyboard;
			sourceTree = "<group>";
		};
		BEC448B921AC64E000C12452 /* LaunchScreen.storyboard */ = {
			isa = PBXVariantGroup;
			children = (
				BEC448BA21AC64E000C12452 /* Base */,
			);
			name = LaunchScreen.storyboard;
			sourceTree = "<group>";
		};
/* End PBXVariantGroup section */

/* Begin XCBuildConfiguration section */
		BEC448BD21AC64E000C12452 /* Debug */ = {
			isa = XCBuildConfiguration;
			buildSettings = {
				ALWAYS_SEARCH_USER_PATHS = NO;
				CLANG_ANALYZER_NONNULL = YES;
				CLANG_ANALYZER_NUMBER_OBJECT_CONVERSION = YES_AGGRESSIVE;
				CLANG_CXX_LANGUAGE_STANDARD = "gnu++14";
				CLANG_CXX_LIBRARY = "libc++";
				CLANG_ENABLE_MODULES = YES;
				CLANG_ENABLE_OBJC_ARC = YES;
				CLANG_ENABLE_OBJC_WEAK = YES;
				CLANG_WARN_BLOCK_CAPTURE_AUTORELEASING = YES;
				CLANG_WARN_BOOL_CONVERSION = YES;
				CLANG_WARN_COMMA = YES;
				CLANG_WARN_CONSTANT_CONVERSION = YES;
				CLANG_WARN_DEPRECATED_OBJC_IMPLEMENTATIONS = YES;
				CLANG_WARN_DIRECT_OBJC_ISA_USAGE = YES_ERROR;
				CLANG_WARN_DOCUMENTATION_COMMENTS = YES;
				CLANG_WARN_EMPTY_BODY = YES;
				CLANG_WARN_ENUM_CONVERSION = YES;
				CLANG_WARN_INFINITE_RECURSION = YES;
				CLANG_WARN_INT_CONVERSION = YES;
				CLANG_WARN_NON_LITERAL_NULL_CONVERSION = YES;
				CLANG_WARN_OBJC_IMPLICIT_RETAIN_SELF = YES;
				CLANG_WARN_OBJC_LITERAL_CONVERSION = YES;
				CLANG_WARN_OBJC_ROOT_CLASS = YES_ERROR;
				CLANG_WARN_RANGE_LOOP_ANALYSIS = YES;
				CLANG_WARN_STRICT_PROTOTYPES = YES;
				CLANG_WARN_SUSPICIOUS_MOVE = YES;
				CLANG_WARN_UNGUARDED_AVAILABILITY = YES_AGGRESSIVE;
				CLANG_WARN_UNREACHABLE_CODE = YES;
				CLANG_WARN__DUPLICATE_METHOD_MATCH = YES;
				CODE_SIGN_IDENTITY = "iPhone Developer";
				COPY_PHASE_STRIP = NO;
				DEBUG_INFORMATION_FORMAT = dwarf;
				ENABLE_STRICT_OBJC_MSGSEND = YES;
				ENABLE_TESTABILITY = YES;
				GCC_C_LANGUAGE_STANDARD = gnu11;
				GCC_DYNAMIC_NO_PIC = NO;
				GCC_NO_COMMON_BLOCKS = YES;
				GCC_OPTIMIZATION_LEVEL = 0;
				GCC_PREPROCESSOR_DEFINITIONS = (
					"DEBUG=1",
					"$(inherited)",
				);
				GCC_WARN_64_TO_32_BIT_CONVERSION = YES;
				GCC_WARN_ABOUT_RETURN_TYPE = YES_ERROR;
				GCC_WARN_UNDECLARED_SELECTOR = YES;
				GCC_WARN_UNINITIALIZED_AUTOS = YES_AGGRESSIVE;
				GCC_WARN_UNUSED_FUNCTION = YES;
				GCC_WARN_UNUSED_VARIABLE = YES;
				IPHONEOS_DEPLOYMENT_TARGET = 12.1;
				MTL_ENABLE_DEBUG_INFO = INCLUDE_SOURCE;
				MTL_FAST_MATH = YES;
				ONLY_ACTIVE_ARCH = YES;
				SDKROOT = iphoneos;
				SWIFT_ACTIVE_COMPILATION_CONDITIONS = DEBUG;
				SWIFT_OPTIMIZATION_LEVEL = "-Onone";
			};
			name = Debug;
		};
		BEC448BE21AC64E000C12452 /* Release */ = {
			isa = XCBuildConfiguration;
			buildSettings = {
				ALWAYS_SEARCH_USER_PATHS = NO;
				CLANG_ANALYZER_NONNULL = YES;
				CLANG_ANALYZER_NUMBER_OBJECT_CONVERSION = YES_AGGRESSIVE;
				CLANG_CXX_LANGUAGE_STANDARD = "gnu++14";
				CLANG_CXX_LIBRARY = "libc++";
				CLANG_ENABLE_MODULES = YES;
				CLANG_ENABLE_OBJC_ARC = YES;
				CLANG_ENABLE_OBJC_WEAK = YES;
				CLANG_WARN_BLOCK_CAPTURE_AUTORELEASING = YES;
				CLANG_WARN_BOOL_CONVERSION = YES;
				CLANG_WARN_COMMA = YES;
				CLANG_WARN_CONSTANT_CONVERSION = YES;
				CLANG_WARN_DEPRECATED_OBJC_IMPLEMENTATIONS = YES;
				CLANG_WARN_DIRECT_OBJC_ISA_USAGE = YES_ERROR;
				CLANG_WARN_DOCUMENTATION_COMMENTS = YES;
				CLANG_WARN_EMPTY_BODY = YES;
				CLANG_WARN_ENUM_CONVERSION = YES;
				CLANG_WARN_INFINITE_RECURSION = YES;
				CLANG_WARN_INT_CONVERSION = YES;
				CLANG_WARN_NON_LITERAL_NULL_CONVERSION = YES;
				CLANG_WARN_OBJC_IMPLICIT_RETAIN_SELF = YES;
				CLANG_WARN_OBJC_LITERAL_CONVERSION = YES;
				CLANG_WARN_OBJC_ROOT_CLASS = YES_ERROR;
				CLANG_WARN_RANGE_LOOP_ANALYSIS = YES;
				CLANG_WARN_STRICT_PROTOTYPES = YES;
				CLANG_WARN_SUSPICIOUS_MOVE = YES;
				CLANG_WARN_UNGUARDED_AVAILABILITY = YES_AGGRESSIVE;
				CLANG_WARN_UNREACHABLE_CODE = YES;
				CLANG_WARN__DUPLICATE_METHOD_MATCH = YES;
				CODE_SIGN_IDENTITY = "iPhone Developer";
				COPY_PHASE_STRIP = NO;
				DEBUG_INFORMATION_FORMAT = "dwarf-with-dsym";
				ENABLE_NS_ASSERTIONS = NO;
				ENABLE_STRICT_OBJC_MSGSEND = YES;
				GCC_C_LANGUAGE_STANDARD = gnu11;
				GCC_NO_COMMON_BLOCKS = YES;
				GCC_WARN_64_TO_32_BIT_CONVERSION = YES;
				GCC_WARN_ABOUT_RETURN_TYPE = YES_ERROR;
				GCC_WARN_UNDECLARED_SELECTOR = YES;
				GCC_WARN_UNINITIALIZED_AUTOS = YES_AGGRESSIVE;
				GCC_WARN_UNUSED_FUNCTION = YES;
				GCC_WARN_UNUSED_VARIABLE = YES;
				IPHONEOS_DEPLOYMENT_TARGET = 12.1;
				MTL_ENABLE_DEBUG_INFO = NO;
				MTL_FAST_MATH = YES;
				SDKROOT = iphoneos;
				SWIFT_COMPILATION_MODE = wholemodule;
				SWIFT_OPTIMIZATION_LEVEL = "-O";
				VALIDATE_PRODUCT = YES;
			};
			name = Release;
		};
		BEC448C021AC64E000C12452 /* Debug */ = {
			isa = XCBuildConfiguration;
			baseConfigurationReference = 97820C4007BEF5CB4CAA5C5A /* Pods-Weather.debug.xcconfig */;
			buildSettings = {
				ASSETCATALOG_COMPILER_APPICON_NAME = AppIcon;
				CODE_SIGN_STYLE = Automatic;
				INFOPLIST_FILE = Weather/Info.plist;
				LD_RUNPATH_SEARCH_PATHS = (
					"$(inherited)",
					"@executable_path/Frameworks",
				);
				PRODUCT_BUNDLE_IDENTIFIER = com.anuradha.Weather;
				PRODUCT_NAME = "$(TARGET_NAME)";
				SWIFT_VERSION = 4.2;
				TARGETED_DEVICE_FAMILY = "1,2";
			};
			name = Debug;
		};
		BEC448C121AC64E000C12452 /* Release */ = {
			isa = XCBuildConfiguration;
			baseConfigurationReference = BAA58C5B39DC68B7B333C264 /* Pods-Weather.release.xcconfig */;
			buildSettings = {
				ASSETCATALOG_COMPILER_APPICON_NAME = AppIcon;
				CODE_SIGN_STYLE = Automatic;
				INFOPLIST_FILE = Weather/Info.plist;
				LD_RUNPATH_SEARCH_PATHS = (
					"$(inherited)",
					"@executable_path/Frameworks",
				);
				PRODUCT_BUNDLE_IDENTIFIER = com.anuradha.Weather;
				PRODUCT_NAME = "$(TARGET_NAME)";
				SWIFT_VERSION = 4.2;
				TARGETED_DEVICE_FAMILY = "1,2";
			};
			name = Release;
		};
/* End XCBuildConfiguration section */

/* Begin XCConfigurationList section */
		BEC448A821AC64DF00C12452 /* Build configuration list for PBXProject "Weather" */ = {
			isa = XCConfigurationList;
			buildConfigurations = (
				BEC448BD21AC64E000C12452 /* Debug */,
				BEC448BE21AC64E000C12452 /* Release */,
			);
			defaultConfigurationIsVisible = 0;
			defaultConfigurationName = Release;
		};
		BEC448BF21AC64E000C12452 /* Build configuration list for PBXNativeTarget "Weather" */ = {
			isa = XCConfigurationList;
			buildConfigurations = (
				BEC448C021AC64E000C12452 /* Debug */,
				BEC448C121AC64E000C12452 /* Release */,
			);
			defaultConfigurationIsVisible = 0;
			defaultConfigurationName = Release;
		};
/* End XCConfigurationList section */
	};
	rootObject = BEC448A521AC64DF00C12452 /* Project object */;
}
